// !$*UTF8*$!
{
	archiveVersion = 1;
	classes = {
	};
	objectVersion = 50;
	objects = {

/* Begin PBXBuildFile section */
		F95A9CA3257A1A7400578EAF /* RequestFilterer.swift in Sources */ = {isa = PBXBuildFile; fileRef = F95A9CA2257A1A7400578EAF /* RequestFilterer.swift */; };
		F95A9CA5257A1A8700578EAF /* GithubRepositoryRequestFilterer.swift in Sources */ = {isa = PBXBuildFile; fileRef = F95A9CA4257A1A8700578EAF /* GithubRepositoryRequestFilterer.swift */; };
		F95A9CA8257A56EC00578EAF /* ImageLoader.swift in Sources */ = {isa = PBXBuildFile; fileRef = F95A9CA7257A56EC00578EAF /* ImageLoader.swift */; };
		F95A9CAA257A577500578EAF /* GithubUserImageLoader.swift in Sources */ = {isa = PBXBuildFile; fileRef = F95A9CA9257A577500578EAF /* GithubUserImageLoader.swift */; };
		F95A9CAC257A725800578EAF /* CachedImageLoader.swift in Sources */ = {isa = PBXBuildFile; fileRef = F95A9CAB257A725800578EAF /* CachedImageLoader.swift */; };
		F95A9CAF257A9ED600578EAF /* GithubRepoDateFormatter.swift in Sources */ = {isa = PBXBuildFile; fileRef = F95A9CAE257A9ED600578EAF /* GithubRepoDateFormatter.swift */; };
		F95A9CB1257A9F8300578EAF /* LessThanSixMonthDateFormatter.swift in Sources */ = {isa = PBXBuildFile; fileRef = F95A9CB0257A9F8300578EAF /* LessThanSixMonthDateFormatter.swift */; };
		F95A9CB3257A9FBC00578EAF /* MoreThanSixMonthDateFormatter.swift in Sources */ = {isa = PBXBuildFile; fileRef = F95A9CB2257A9FBC00578EAF /* MoreThanSixMonthDateFormatter.swift */; };
		F95A9CB5257AA5E300578EAF /* GithubFetcherTestCases.swift in Sources */ = {isa = PBXBuildFile; fileRef = F95A9CB4257AA5E300578EAF /* GithubFetcherTestCases.swift */; };
		F95A9CB6257AA62300578EAF /* RequestHandler.swift in Sources */ = {isa = PBXBuildFile; fileRef = F9EB64C7257923AF00CEAE81 /* RequestHandler.swift */; };
		F95A9CB7257AA62700578EAF /* RequestType.swift in Sources */ = {isa = PBXBuildFile; fileRef = F9EB64C92579245700CEAE81 /* RequestType.swift */; };
		F95A9CB8257AA64000578EAF /* GithubFetcher.swift in Sources */ = {isa = PBXBuildFile; fileRef = F9EB64CB2579253E00CEAE81 /* GithubFetcher.swift */; };
		F95A9CB9257AA69400578EAF /* GithubRepositoriesDecoder.swift in Sources */ = {isa = PBXBuildFile; fileRef = F9EB64D52579309600CEAE81 /* GithubRepositoriesDecoder.swift */; };
		F95A9CBA257AA6A200578EAF /* GithubRepositoryRepoImp.swift in Sources */ = {isa = PBXBuildFile; fileRef = F9EB64C42579238300CEAE81 /* GithubRepositoryRepoImp.swift */; };
		F95A9CBB257AA6B200578EAF /* GithubRepositoryRepo.swift in Sources */ = {isa = PBXBuildFile; fileRef = F9EB64C22579232A00CEAE81 /* GithubRepositoryRepo.swift */; };
		F95A9CBC257AA6B900578EAF /* GithubRepositoryService.swift in Sources */ = {isa = PBXBuildFile; fileRef = F9EB64B8257911F900CEAE81 /* GithubRepositoryService.swift */; };
		F95A9CBD257AA6BB00578EAF /* GithubRepositoryServiceImp.swift in Sources */ = {isa = PBXBuildFile; fileRef = F9EB64BF2579190200CEAE81 /* GithubRepositoryServiceImp.swift */; };
		F95A9CBE257AABF500578EAF /* Repository.swift in Sources */ = {isa = PBXBuildFile; fileRef = F9EB64BC2579186A00CEAE81 /* Repository.swift */; };
		F95A9CBF257AABFA00578EAF /* ResponseDecoder.swift in Sources */ = {isa = PBXBuildFile; fileRef = F9EB64D225792FF500CEAE81 /* ResponseDecoder.swift */; };
		F95A9CC0257AAC0200578EAF /* RequestFilterer.swift in Sources */ = {isa = PBXBuildFile; fileRef = F95A9CA2257A1A7400578EAF /* RequestFilterer.swift */; };
		F95A9CC1257AAC0E00578EAF /* Error.swift in Sources */ = {isa = PBXBuildFile; fileRef = F9EB64CF25792EF100CEAE81 /* Error.swift */; };
		F95A9CC2257AAC1300578EAF /* Extensions.swift in Sources */ = {isa = PBXBuildFile; fileRef = F9EB64D9257963B100CEAE81 /* Extensions.swift */; };
		F95A9CC3257AAC1D00578EAF /* Owner.swift in Sources */ = {isa = PBXBuildFile; fileRef = F9EB64BB2579186A00CEAE81 /* Owner.swift */; };
		F95A9CC5257AAECC00578EAF /* LocalRepositories.txt in Resources */ = {isa = PBXBuildFile; fileRef = F95A9CC4257AAECC00578EAF /* LocalRepositories.txt */; };
		F95A9CC9257ABB4B00578EAF /* GithubRepositoryRepoTestCases.swift in Sources */ = {isa = PBXBuildFile; fileRef = F95A9CC8257ABB4B00578EAF /* GithubRepositoryRepoTestCases.swift */; };
		F95A9CCC257ABCEA00578EAF /* GithubRepositoryRequestFilterer.swift in Sources */ = {isa = PBXBuildFile; fileRef = F95A9CA4257A1A8700578EAF /* GithubRepositoryRequestFilterer.swift */; };
		F95A9CCE257ABD7E00578EAF /* TestExtensions.swift in Sources */ = {isa = PBXBuildFile; fileRef = F95A9CCD257ABD7E00578EAF /* TestExtensions.swift */; };
		F99F9D582578F23C00E695B8 /* AppDelegate.swift in Sources */ = {isa = PBXBuildFile; fileRef = F99F9D572578F23C00E695B8 /* AppDelegate.swift */; };
		F99F9D5A2578F23C00E695B8 /* SceneDelegate.swift in Sources */ = {isa = PBXBuildFile; fileRef = F99F9D592578F23C00E695B8 /* SceneDelegate.swift */; };
		F99F9D612578F23F00E695B8 /* Assets.xcassets in Resources */ = {isa = PBXBuildFile; fileRef = F99F9D602578F23F00E695B8 /* Assets.xcassets */; };
		F99F9D642578F23F00E695B8 /* LaunchScreen.storyboard in Resources */ = {isa = PBXBuildFile; fileRef = F99F9D622578F23F00E695B8 /* LaunchScreen.storyboard */; };
		F99F9D7B2578F32C00E695B8 /* GithubRepositoriesViewController.swift in Sources */ = {isa = PBXBuildFile; fileRef = F99F9D792578F32C00E695B8 /* GithubRepositoriesViewController.swift */; };
		F99F9D7C2578F32C00E695B8 /* GithubRepositoriesViewController.xib in Resources */ = {isa = PBXBuildFile; fileRef = F99F9D7A2578F32C00E695B8 /* GithubRepositoriesViewController.xib */; };
		F9EB64AE2578F75000CEAE81 /* GithubRepositoryTableViewCell.swift in Sources */ = {isa = PBXBuildFile; fileRef = F9EB64AC2578F75000CEAE81 /* GithubRepositoryTableViewCell.swift */; };
		F9EB64AF2578F75000CEAE81 /* GithubRepositoryTableViewCell.xib in Resources */ = {isa = PBXBuildFile; fileRef = F9EB64AD2578F75000CEAE81 /* GithubRepositoryTableViewCell.xib */; };
		F9EB64B32578FA2400CEAE81 /* UIExtensions.swift in Sources */ = {isa = PBXBuildFile; fileRef = F9EB64B22578FA2400CEAE81 /* UIExtensions.swift */; };
		F9EB64B52579047300CEAE81 /* CircleAvatarImageView.swift in Sources */ = {isa = PBXBuildFile; fileRef = F9EB64B42579047300CEAE81 /* CircleAvatarImageView.swift */; };
		F9EB64B9257911F900CEAE81 /* GithubRepositoryService.swift in Sources */ = {isa = PBXBuildFile; fileRef = F9EB64B8257911F900CEAE81 /* GithubRepositoryService.swift */; };
		F9EB64BD2579186A00CEAE81 /* Owner.swift in Sources */ = {isa = PBXBuildFile; fileRef = F9EB64BB2579186A00CEAE81 /* Owner.swift */; };
		F9EB64BE2579186A00CEAE81 /* Repository.swift in Sources */ = {isa = PBXBuildFile; fileRef = F9EB64BC2579186A00CEAE81 /* Repository.swift */; };
		F9EB64C02579190200CEAE81 /* GithubRepositoryServiceImp.swift in Sources */ = {isa = PBXBuildFile; fileRef = F9EB64BF2579190200CEAE81 /* GithubRepositoryServiceImp.swift */; };
		F9EB64C32579232A00CEAE81 /* GithubRepositoryRepo.swift in Sources */ = {isa = PBXBuildFile; fileRef = F9EB64C22579232A00CEAE81 /* GithubRepositoryRepo.swift */; };
		F9EB64C52579238300CEAE81 /* GithubRepositoryRepoImp.swift in Sources */ = {isa = PBXBuildFile; fileRef = F9EB64C42579238300CEAE81 /* GithubRepositoryRepoImp.swift */; };
		F9EB64C8257923AF00CEAE81 /* RequestHandler.swift in Sources */ = {isa = PBXBuildFile; fileRef = F9EB64C7257923AF00CEAE81 /* RequestHandler.swift */; };
		F9EB64CA2579245700CEAE81 /* RequestType.swift in Sources */ = {isa = PBXBuildFile; fileRef = F9EB64C92579245700CEAE81 /* RequestType.swift */; };
		F9EB64CC2579253E00CEAE81 /* GithubFetcher.swift in Sources */ = {isa = PBXBuildFile; fileRef = F9EB64CB2579253E00CEAE81 /* GithubFetcher.swift */; };
		F9EB64D025792EF100CEAE81 /* Error.swift in Sources */ = {isa = PBXBuildFile; fileRef = F9EB64CF25792EF100CEAE81 /* Error.swift */; };
		F9EB64D325792FF500CEAE81 /* ResponseDecoder.swift in Sources */ = {isa = PBXBuildFile; fileRef = F9EB64D225792FF500CEAE81 /* ResponseDecoder.swift */; };
		F9EB64D62579309600CEAE81 /* GithubRepositoriesDecoder.swift in Sources */ = {isa = PBXBuildFile; fileRef = F9EB64D52579309600CEAE81 /* GithubRepositoriesDecoder.swift */; };
		F9EB64DA257963B100CEAE81 /* Extensions.swift in Sources */ = {isa = PBXBuildFile; fileRef = F9EB64D9257963B100CEAE81 /* Extensions.swift */; };
/* End PBXBuildFile section */

/* Begin PBXContainerItemProxy section */
		F99F9D6B2578F23F00E695B8 /* PBXContainerItemProxy */ = {
			isa = PBXContainerItemProxy;
			containerPortal = F99F9D4C2578F23C00E695B8 /* Project object */;
			proxyType = 1;
			remoteGlobalIDString = F99F9D532578F23C00E695B8;
			remoteInfo = GithubRepositoriesTask;
		};
/* End PBXContainerItemProxy section */

/* Begin PBXFileReference section */
		F95A9CA2257A1A7400578EAF /* RequestFilterer.swift */ = {isa = PBXFileReference; lastKnownFileType = sourcecode.swift; path = RequestFilterer.swift; sourceTree = "<group>"; };
		F95A9CA4257A1A8700578EAF /* GithubRepositoryRequestFilterer.swift */ = {isa = PBXFileReference; lastKnownFileType = sourcecode.swift; path = GithubRepositoryRequestFilterer.swift; sourceTree = "<group>"; };
		F95A9CA7257A56EC00578EAF /* ImageLoader.swift */ = {isa = PBXFileReference; lastKnownFileType = sourcecode.swift; path = ImageLoader.swift; sourceTree = "<group>"; };
		F95A9CA9257A577500578EAF /* GithubUserImageLoader.swift */ = {isa = PBXFileReference; lastKnownFileType = sourcecode.swift; path = GithubUserImageLoader.swift; sourceTree = "<group>"; };
		F95A9CAB257A725800578EAF /* CachedImageLoader.swift */ = {isa = PBXFileReference; lastKnownFileType = sourcecode.swift; path = CachedImageLoader.swift; sourceTree = "<group>"; };
		F95A9CAE257A9ED600578EAF /* GithubRepoDateFormatter.swift */ = {isa = PBXFileReference; lastKnownFileType = sourcecode.swift; path = GithubRepoDateFormatter.swift; sourceTree = "<group>"; };
		F95A9CB0257A9F8300578EAF /* LessThanSixMonthDateFormatter.swift */ = {isa = PBXFileReference; lastKnownFileType = sourcecode.swift; path = LessThanSixMonthDateFormatter.swift; sourceTree = "<group>"; };
		F95A9CB2257A9FBC00578EAF /* MoreThanSixMonthDateFormatter.swift */ = {isa = PBXFileReference; lastKnownFileType = sourcecode.swift; path = MoreThanSixMonthDateFormatter.swift; sourceTree = "<group>"; };
		F95A9CB4257AA5E300578EAF /* GithubFetcherTestCases.swift */ = {isa = PBXFileReference; lastKnownFileType = sourcecode.swift; path = GithubFetcherTestCases.swift; sourceTree = "<group>"; };
		F95A9CC4257AAECC00578EAF /* LocalRepositories.txt */ = {isa = PBXFileReference; fileEncoding = 4; lastKnownFileType = text; path = LocalRepositories.txt; sourceTree = "<group>"; };
		F95A9CC8257ABB4B00578EAF /* GithubRepositoryRepoTestCases.swift */ = {isa = PBXFileReference; lastKnownFileType = sourcecode.swift; path = GithubRepositoryRepoTestCases.swift; sourceTree = "<group>"; };
		F95A9CCD257ABD7E00578EAF /* TestExtensions.swift */ = {isa = PBXFileReference; lastKnownFileType = sourcecode.swift; path = TestExtensions.swift; sourceTree = "<group>"; };
		F99F9D542578F23C00E695B8 /* GithubRepositoriesTask.app */ = {isa = PBXFileReference; explicitFileType = wrapper.application; includeInIndex = 0; path = GithubRepositoriesTask.app; sourceTree = BUILT_PRODUCTS_DIR; };
		F99F9D572578F23C00E695B8 /* AppDelegate.swift */ = {isa = PBXFileReference; lastKnownFileType = sourcecode.swift; path = AppDelegate.swift; sourceTree = "<group>"; };
		F99F9D592578F23C00E695B8 /* SceneDelegate.swift */ = {isa = PBXFileReference; lastKnownFileType = sourcecode.swift; path = SceneDelegate.swift; sourceTree = "<group>"; };
		F99F9D602578F23F00E695B8 /* Assets.xcassets */ = {isa = PBXFileReference; lastKnownFileType = folder.assetcatalog; path = Assets.xcassets; sourceTree = "<group>"; };
		F99F9D632578F23F00E695B8 /* Base */ = {isa = PBXFileReference; lastKnownFileType = file.storyboard; name = Base; path = Base.lproj/LaunchScreen.storyboard; sourceTree = "<group>"; };
		F99F9D652578F23F00E695B8 /* Info.plist */ = {isa = PBXFileReference; lastKnownFileType = text.plist.xml; path = Info.plist; sourceTree = "<group>"; };
		F99F9D6A2578F23F00E695B8 /* GithubRepositoriesTaskTests.xctest */ = {isa = PBXFileReference; explicitFileType = wrapper.cfbundle; includeInIndex = 0; path = GithubRepositoriesTaskTests.xctest; sourceTree = BUILT_PRODUCTS_DIR; };
		F99F9D702578F23F00E695B8 /* Info.plist */ = {isa = PBXFileReference; lastKnownFileType = text.plist.xml; path = Info.plist; sourceTree = "<group>"; };
		F99F9D792578F32C00E695B8 /* GithubRepositoriesViewController.swift */ = {isa = PBXFileReference; lastKnownFileType = sourcecode.swift; path = GithubRepositoriesViewController.swift; sourceTree = "<group>"; };
		F99F9D7A2578F32C00E695B8 /* GithubRepositoriesViewController.xib */ = {isa = PBXFileReference; lastKnownFileType = file.xib; path = GithubRepositoriesViewController.xib; sourceTree = "<group>"; };
		F9EB64AC2578F75000CEAE81 /* GithubRepositoryTableViewCell.swift */ = {isa = PBXFileReference; lastKnownFileType = sourcecode.swift; path = GithubRepositoryTableViewCell.swift; sourceTree = "<group>"; };
		F9EB64AD2578F75000CEAE81 /* GithubRepositoryTableViewCell.xib */ = {isa = PBXFileReference; lastKnownFileType = file.xib; path = GithubRepositoryTableViewCell.xib; sourceTree = "<group>"; };
		F9EB64B22578FA2400CEAE81 /* UIExtensions.swift */ = {isa = PBXFileReference; lastKnownFileType = sourcecode.swift; path = UIExtensions.swift; sourceTree = "<group>"; };
		F9EB64B42579047300CEAE81 /* CircleAvatarImageView.swift */ = {isa = PBXFileReference; lastKnownFileType = sourcecode.swift; path = CircleAvatarImageView.swift; sourceTree = "<group>"; };
		F9EB64B8257911F900CEAE81 /* GithubRepositoryService.swift */ = {isa = PBXFileReference; lastKnownFileType = sourcecode.swift; path = GithubRepositoryService.swift; sourceTree = "<group>"; };
		F9EB64BB2579186A00CEAE81 /* Owner.swift */ = {isa = PBXFileReference; fileEncoding = 4; lastKnownFileType = sourcecode.swift; path = Owner.swift; sourceTree = "<group>"; };
		F9EB64BC2579186A00CEAE81 /* Repository.swift */ = {isa = PBXFileReference; fileEncoding = 4; lastKnownFileType = sourcecode.swift; path = Repository.swift; sourceTree = "<group>"; };
		F9EB64BF2579190200CEAE81 /* GithubRepositoryServiceImp.swift */ = {isa = PBXFileReference; lastKnownFileType = sourcecode.swift; path = GithubRepositoryServiceImp.swift; sourceTree = "<group>"; };
		F9EB64C22579232A00CEAE81 /* GithubRepositoryRepo.swift */ = {isa = PBXFileReference; lastKnownFileType = sourcecode.swift; path = GithubRepositoryRepo.swift; sourceTree = "<group>"; };
		F9EB64C42579238300CEAE81 /* GithubRepositoryRepoImp.swift */ = {isa = PBXFileReference; lastKnownFileType = sourcecode.swift; path = GithubRepositoryRepoImp.swift; sourceTree = "<group>"; };
		F9EB64C7257923AF00CEAE81 /* RequestHandler.swift */ = {isa = PBXFileReference; lastKnownFileType = sourcecode.swift; path = RequestHandler.swift; sourceTree = "<group>"; };
		F9EB64C92579245700CEAE81 /* RequestType.swift */ = {isa = PBXFileReference; lastKnownFileType = sourcecode.swift; path = RequestType.swift; sourceTree = "<group>"; };
		F9EB64CB2579253E00CEAE81 /* GithubFetcher.swift */ = {isa = PBXFileReference; lastKnownFileType = sourcecode.swift; path = GithubFetcher.swift; sourceTree = "<group>"; };
		F9EB64CF25792EF100CEAE81 /* Error.swift */ = {isa = PBXFileReference; lastKnownFileType = sourcecode.swift; path = Error.swift; sourceTree = "<group>"; };
		F9EB64D225792FF500CEAE81 /* ResponseDecoder.swift */ = {isa = PBXFileReference; lastKnownFileType = sourcecode.swift; path = ResponseDecoder.swift; sourceTree = "<group>"; };
		F9EB64D52579309600CEAE81 /* GithubRepositoriesDecoder.swift */ = {isa = PBXFileReference; lastKnownFileType = sourcecode.swift; path = GithubRepositoriesDecoder.swift; sourceTree = "<group>"; };
		F9EB64D9257963B100CEAE81 /* Extensions.swift */ = {isa = PBXFileReference; lastKnownFileType = sourcecode.swift; path = Extensions.swift; sourceTree = "<group>"; };
/* End PBXFileReference section */

/* Begin PBXFrameworksBuildPhase section */
		F99F9D512578F23C00E695B8 /* Frameworks */ = {
			isa = PBXFrameworksBuildPhase;
			buildActionMask = 2147483647;
			files = (
			);
			runOnlyForDeploymentPostprocessing = 0;
		};
		F99F9D672578F23F00E695B8 /* Frameworks */ = {
			isa = PBXFrameworksBuildPhase;
			buildActionMask = 2147483647;
			files = (
			);
			runOnlyForDeploymentPostprocessing = 0;
		};
/* End PBXFrameworksBuildPhase section */

/* Begin PBXGroup section */
		F95A9CA1257A1A5D00578EAF /* RequestFilterer */ = {
			isa = PBXGroup;
			children = (
				F95A9CA2257A1A7400578EAF /* RequestFilterer.swift */,
				F95A9CA4257A1A8700578EAF /* GithubRepositoryRequestFilterer.swift */,
			);
			path = RequestFilterer;
			sourceTree = "<group>";
		};
		F95A9CA6257A56DB00578EAF /* ImageLoader */ = {
			isa = PBXGroup;
			children = (
				F95A9CA7257A56EC00578EAF /* ImageLoader.swift */,
				F95A9CA9257A577500578EAF /* GithubUserImageLoader.swift */,
				F95A9CAB257A725800578EAF /* CachedImageLoader.swift */,
			);
			path = ImageLoader;
			sourceTree = "<group>";
		};
		F95A9CAD257A9EC500578EAF /* DateFormatter */ = {
			isa = PBXGroup;
			children = (
				F95A9CAE257A9ED600578EAF /* GithubRepoDateFormatter.swift */,
				F95A9CB0257A9F8300578EAF /* LessThanSixMonthDateFormatter.swift */,
				F95A9CB2257A9FBC00578EAF /* MoreThanSixMonthDateFormatter.swift */,
			);
			path = DateFormatter;
			sourceTree = "<group>";
		};
		F99F9D4B2578F23C00E695B8 = {
			isa = PBXGroup;
			children = (
				F99F9D562578F23C00E695B8 /* GithubRepositoriesTask */,
				F99F9D6D2578F23F00E695B8 /* GithubRepositoriesTaskTests */,
				F99F9D552578F23C00E695B8 /* Products */,
			);
			sourceTree = "<group>";
		};
		F99F9D552578F23C00E695B8 /* Products */ = {
			isa = PBXGroup;
			children = (
				F99F9D542578F23C00E695B8 /* GithubRepositoriesTask.app */,
				F99F9D6A2578F23F00E695B8 /* GithubRepositoriesTaskTests.xctest */,
			);
			name = Products;
			sourceTree = "<group>";
		};
		F99F9D562578F23C00E695B8 /* GithubRepositoriesTask */ = {
			isa = PBXGroup;
			children = (
				F9EB64B02578FA0E00CEAE81 /* Utils */,
				F99F9D7D2578F3D200E695B8 /* GithubRepositoriesViewController */,
				F99F9D572578F23C00E695B8 /* AppDelegate.swift */,
				F99F9D592578F23C00E695B8 /* SceneDelegate.swift */,
				F99F9D602578F23F00E695B8 /* Assets.xcassets */,
				F99F9D622578F23F00E695B8 /* LaunchScreen.storyboard */,
				F99F9D652578F23F00E695B8 /* Info.plist */,
			);
			path = GithubRepositoriesTask;
			sourceTree = "<group>";
		};
		F99F9D6D2578F23F00E695B8 /* GithubRepositoriesTaskTests */ = {
			isa = PBXGroup;
			children = (
				F95A9CC4257AAECC00578EAF /* LocalRepositories.txt */,
				F99F9D702578F23F00E695B8 /* Info.plist */,
				F95A9CB4257AA5E300578EAF /* GithubFetcherTestCases.swift */,
				F95A9CC8257ABB4B00578EAF /* GithubRepositoryRepoTestCases.swift */,
				F95A9CCD257ABD7E00578EAF /* TestExtensions.swift */,
			);
			path = GithubRepositoriesTaskTests;
			sourceTree = "<group>";
		};
		F99F9D7D2578F3D200E695B8 /* GithubRepositoriesViewController */ = {
			isa = PBXGroup;
			children = (
				F95A9CAD257A9EC500578EAF /* DateFormatter */,
				F95A9CA6257A56DB00578EAF /* ImageLoader */,
				F95A9CA1257A1A5D00578EAF /* RequestFilterer */,
				F9EB64BA2579185E00CEAE81 /* Response */,
				F9EB64D42579307F00CEAE81 /* Decoder */,
				F9EB64CD2579254800CEAE81 /* Fetcher */,
				F9EB64C1257922EF00CEAE81 /* Repos */,
				F9EB64B7257911DF00CEAE81 /* Services */,
				F9EB64AB2578F72500CEAE81 /* GithubRepositoryTableViewCell */,
				F99F9D792578F32C00E695B8 /* GithubRepositoriesViewController.swift */,
				F99F9D7A2578F32C00E695B8 /* GithubRepositoriesViewController.xib */,
			);
			path = GithubRepositoriesViewController;
			sourceTree = "<group>";
		};
		F9EB64AB2578F72500CEAE81 /* GithubRepositoryTableViewCell */ = {
			isa = PBXGroup;
			children = (
				F9EB64AC2578F75000CEAE81 /* GithubRepositoryTableViewCell.swift */,
				F9EB64AD2578F75000CEAE81 /* GithubRepositoryTableViewCell.xib */,
			);
			path = GithubRepositoryTableViewCell;
			sourceTree = "<group>";
		};
		F9EB64B02578FA0E00CEAE81 /* Utils */ = {
			isa = PBXGroup;
			children = (
				F9EB64D125792FD900CEAE81 /* Decoders */,
				F9EB64CE25792EE600CEAE81 /* Errors */,
				F9EB64C62579239D00CEAE81 /* RequestHandler */,
				F9EB64B12578FA1500CEAE81 /* UIViewUtils */,
				F9EB64D9257963B100CEAE81 /* Extensions.swift */,
			);
			path = Utils;
			sourceTree = "<group>";
		};
		F9EB64B12578FA1500CEAE81 /* UIViewUtils */ = {
			isa = PBXGroup;
			children = (
				F9EB64B22578FA2400CEAE81 /* UIExtensions.swift */,
				F9EB64B42579047300CEAE81 /* CircleAvatarImageView.swift */,
			);
			path = UIViewUtils;
			sourceTree = "<group>";
		};
		F9EB64B7257911DF00CEAE81 /* Services */ = {
			isa = PBXGroup;
			children = (
				F9EB64B8257911F900CEAE81 /* GithubRepositoryService.swift */,
				F9EB64BF2579190200CEAE81 /* GithubRepositoryServiceImp.swift */,
			);
			path = Services;
			sourceTree = "<group>";
		};
		F9EB64BA2579185E00CEAE81 /* Response */ = {
			isa = PBXGroup;
			children = (
				F9EB64BB2579186A00CEAE81 /* Owner.swift */,
				F9EB64BC2579186A00CEAE81 /* Repository.swift */,
			);
			path = Response;
			sourceTree = "<group>";
		};
		F9EB64C1257922EF00CEAE81 /* Repos */ = {
			isa = PBXGroup;
			children = (
				F9EB64C22579232A00CEAE81 /* GithubRepositoryRepo.swift */,
				F9EB64C42579238300CEAE81 /* GithubRepositoryRepoImp.swift */,
			);
			path = Repos;
			sourceTree = "<group>";
		};
		F9EB64C62579239D00CEAE81 /* RequestHandler */ = {
			isa = PBXGroup;
			children = (
				F9EB64C7257923AF00CEAE81 /* RequestHandler.swift */,
				F9EB64C92579245700CEAE81 /* RequestType.swift */,
			);
			path = RequestHandler;
			sourceTree = "<group>";
		};
		F9EB64CD2579254800CEAE81 /* Fetcher */ = {
			isa = PBXGroup;
			children = (
				F9EB64CB2579253E00CEAE81 /* GithubFetcher.swift */,
			);
			path = Fetcher;
			sourceTree = "<group>";
		};
		F9EB64CE25792EE600CEAE81 /* Errors */ = {
			isa = PBXGroup;
			children = (
				F9EB64CF25792EF100CEAE81 /* Error.swift */,
			);
			path = Errors;
			sourceTree = "<group>";
		};
		F9EB64D125792FD900CEAE81 /* Decoders */ = {
			isa = PBXGroup;
			children = (
				F9EB64D225792FF500CEAE81 /* ResponseDecoder.swift */,
			);
			path = Decoders;
			sourceTree = "<group>";
		};
		F9EB64D42579307F00CEAE81 /* Decoder */ = {
			isa = PBXGroup;
			children = (
				F9EB64D52579309600CEAE81 /* GithubRepositoriesDecoder.swift */,
			);
			path = Decoder;
			sourceTree = "<group>";
		};
/* End PBXGroup section */

/* Begin PBXNativeTarget section */
		F99F9D532578F23C00E695B8 /* GithubRepositoriesTask */ = {
			isa = PBXNativeTarget;
			buildConfigurationList = F99F9D732578F23F00E695B8 /* Build configuration list for PBXNativeTarget "GithubRepositoriesTask" */;
			buildPhases = (
				F99F9D502578F23C00E695B8 /* Sources */,
				F99F9D512578F23C00E695B8 /* Frameworks */,
				F99F9D522578F23C00E695B8 /* Resources */,
			);
			buildRules = (
			);
			dependencies = (
			);
			name = GithubRepositoriesTask;
			productName = GithubRepositoriesTask;
			productReference = F99F9D542578F23C00E695B8 /* GithubRepositoriesTask.app */;
			productType = "com.apple.product-type.application";
		};
		F99F9D692578F23F00E695B8 /* GithubRepositoriesTaskTests */ = {
			isa = PBXNativeTarget;
			buildConfigurationList = F99F9D762578F23F00E695B8 /* Build configuration list for PBXNativeTarget "GithubRepositoriesTaskTests" */;
			buildPhases = (
				F99F9D662578F23F00E695B8 /* Sources */,
				F99F9D672578F23F00E695B8 /* Frameworks */,
				F99F9D682578F23F00E695B8 /* Resources */,
			);
			buildRules = (
			);
			dependencies = (
				F99F9D6C2578F23F00E695B8 /* PBXTargetDependency */,
			);
			name = GithubRepositoriesTaskTests;
			productName = GithubRepositoriesTaskTests;
			productReference = F99F9D6A2578F23F00E695B8 /* GithubRepositoriesTaskTests.xctest */;
			productType = "com.apple.product-type.bundle.unit-test";
		};
/* End PBXNativeTarget section */

/* Begin PBXProject section */
		F99F9D4C2578F23C00E695B8 /* Project object */ = {
			isa = PBXProject;
			attributes = {
				LastSwiftUpdateCheck = 1160;
				LastUpgradeCheck = 1160;
				ORGANIZATIONNAME = "Mohamed Emad";
				TargetAttributes = {
					F99F9D532578F23C00E695B8 = {
						CreatedOnToolsVersion = 11.6;
					};
					F99F9D692578F23F00E695B8 = {
						CreatedOnToolsVersion = 11.6;
						TestTargetID = F99F9D532578F23C00E695B8;
					};
				};
			};
			buildConfigurationList = F99F9D4F2578F23C00E695B8 /* Build configuration list for PBXProject "GithubRepositoriesTask" */;
			compatibilityVersion = "Xcode 9.3";
			developmentRegion = en;
			hasScannedForEncodings = 0;
			knownRegions = (
				en,
				Base,
			);
			mainGroup = F99F9D4B2578F23C00E695B8;
			productRefGroup = F99F9D552578F23C00E695B8 /* Products */;
			projectDirPath = "";
			projectRoot = "";
			targets = (
				F99F9D532578F23C00E695B8 /* GithubRepositoriesTask */,
				F99F9D692578F23F00E695B8 /* GithubRepositoriesTaskTests */,
			);
		};
/* End PBXProject section */

/* Begin PBXResourcesBuildPhase section */
		F99F9D522578F23C00E695B8 /* Resources */ = {
			isa = PBXResourcesBuildPhase;
			buildActionMask = 2147483647;
			files = (
				F9EB64AF2578F75000CEAE81 /* GithubRepositoryTableViewCell.xib in Resources */,
				F99F9D7C2578F32C00E695B8 /* GithubRepositoriesViewController.xib in Resources */,
				F99F9D642578F23F00E695B8 /* LaunchScreen.storyboard in Resources */,
				F99F9D612578F23F00E695B8 /* Assets.xcassets in Resources */,
			);
			runOnlyForDeploymentPostprocessing = 0;
		};
		F99F9D682578F23F00E695B8 /* Resources */ = {
			isa = PBXResourcesBuildPhase;
			buildActionMask = 2147483647;
			files = (
				F95A9CC5257AAECC00578EAF /* LocalRepositories.txt in Resources */,
			);
			runOnlyForDeploymentPostprocessing = 0;
		};
/* End PBXResourcesBuildPhase section */

/* Begin PBXSourcesBuildPhase section */
		F99F9D502578F23C00E695B8 /* Sources */ = {
			isa = PBXSourcesBuildPhase;
			buildActionMask = 2147483647;
			files = (
				F9EB64D025792EF100CEAE81 /* Error.swift in Sources */,
				F95A9CB3257A9FBC00578EAF /* MoreThanSixMonthDateFormatter.swift in Sources */,
				F9EB64AE2578F75000CEAE81 /* GithubRepositoryTableViewCell.swift in Sources */,
				F9EB64CC2579253E00CEAE81 /* GithubFetcher.swift in Sources */,
				F9EB64D62579309600CEAE81 /* GithubRepositoriesDecoder.swift in Sources */,
				F9EB64BD2579186A00CEAE81 /* Owner.swift in Sources */,
				F9EB64B52579047300CEAE81 /* CircleAvatarImageView.swift in Sources */,
				F99F9D582578F23C00E695B8 /* AppDelegate.swift in Sources */,
				F9EB64DA257963B100CEAE81 /* Extensions.swift in Sources */,
				F99F9D5A2578F23C00E695B8 /* SceneDelegate.swift in Sources */,
				F9EB64B9257911F900CEAE81 /* GithubRepositoryService.swift in Sources */,
				F9EB64C32579232A00CEAE81 /* GithubRepositoryRepo.swift in Sources */,
				F9EB64C8257923AF00CEAE81 /* RequestHandler.swift in Sources */,
				F95A9CAC257A725800578EAF /* CachedImageLoader.swift in Sources */,
				F95A9CAA257A577500578EAF /* GithubUserImageLoader.swift in Sources */,
				F95A9CAF257A9ED600578EAF /* GithubRepoDateFormatter.swift in Sources */,
				F9EB64B32578FA2400CEAE81 /* UIExtensions.swift in Sources */,
				F9EB64CA2579245700CEAE81 /* RequestType.swift in Sources */,
				F9EB64D325792FF500CEAE81 /* ResponseDecoder.swift in Sources */,
				F95A9CA5257A1A8700578EAF /* GithubRepositoryRequestFilterer.swift in Sources */,
				F95A9CA8257A56EC00578EAF /* ImageLoader.swift in Sources */,
				F9EB64C02579190200CEAE81 /* GithubRepositoryServiceImp.swift in Sources */,
				F99F9D7B2578F32C00E695B8 /* GithubRepositoriesViewController.swift in Sources */,
				F9EB64BE2579186A00CEAE81 /* Repository.swift in Sources */,
				F95A9CA3257A1A7400578EAF /* RequestFilterer.swift in Sources */,
				F95A9CB1257A9F8300578EAF /* LessThanSixMonthDateFormatter.swift in Sources */,
				F9EB64C52579238300CEAE81 /* GithubRepositoryRepoImp.swift in Sources */,
			);
			runOnlyForDeploymentPostprocessing = 0;
		};
		F99F9D662578F23F00E695B8 /* Sources */ = {
			isa = PBXSourcesBuildPhase;
			buildActionMask = 2147483647;
			files = (
				F95A9CB8257AA64000578EAF /* GithubFetcher.swift in Sources */,
				F95A9CC3257AAC1D00578EAF /* Owner.swift in Sources */,
				F95A9CBF257AABFA00578EAF /* ResponseDecoder.swift in Sources */,
				F95A9CB5257AA5E300578EAF /* GithubFetcherTestCases.swift in Sources */,
				F95A9CCC257ABCEA00578EAF /* GithubRepositoryRequestFilterer.swift in Sources */,
				F95A9CBD257AA6BB00578EAF /* GithubRepositoryServiceImp.swift in Sources */,
				F95A9CBC257AA6B900578EAF /* GithubRepositoryService.swift in Sources */,
				F95A9CCE257ABD7E00578EAF /* TestExtensions.swift in Sources */,
				F95A9CC9257ABB4B00578EAF /* GithubRepositoryRepoTestCases.swift in Sources */,
				F95A9CBE257AABF500578EAF /* Repository.swift in Sources */,
				F95A9CBA257AA6A200578EAF /* GithubRepositoryRepoImp.swift in Sources */,
				F95A9CC0257AAC0200578EAF /* RequestFilterer.swift in Sources */,
				F95A9CB6257AA62300578EAF /* RequestHandler.swift in Sources */,
				F95A9CC2257AAC1300578EAF /* Extensions.swift in Sources */,
				F95A9CB7257AA62700578EAF /* RequestType.swift in Sources */,
				F95A9CBB257AA6B200578EAF /* GithubRepositoryRepo.swift in Sources */,
				F95A9CC1257AAC0E00578EAF /* Error.swift in Sources */,
				F95A9CB9257AA69400578EAF /* GithubRepositoriesDecoder.swift in Sources */,
			);
			runOnlyForDeploymentPostprocessing = 0;
		};
/* End PBXSourcesBuildPhase section */

/* Begin PBXTargetDependency section */
		F99F9D6C2578F23F00E695B8 /* PBXTargetDependency */ = {
			isa = PBXTargetDependency;
			target = F99F9D532578F23C00E695B8 /* GithubRepositoriesTask */;
			targetProxy = F99F9D6B2578F23F00E695B8 /* PBXContainerItemProxy */;
		};
/* End PBXTargetDependency section */

/* Begin PBXVariantGroup section */
		F99F9D622578F23F00E695B8 /* LaunchScreen.storyboard */ = {
			isa = PBXVariantGroup;
			children = (
				F99F9D632578F23F00E695B8 /* Base */,
			);
			name = LaunchScreen.storyboard;
			sourceTree = "<group>";
		};
/* End PBXVariantGroup section */

/* Begin XCBuildConfiguration section */
		F99F9D712578F23F00E695B8 /* Debug */ = {
			isa = XCBuildConfiguration;
			buildSettings = {
				ALWAYS_SEARCH_USER_PATHS = NO;
				CLANG_ANALYZER_NONNULL = YES;
				CLANG_ANALYZER_NUMBER_OBJECT_CONVERSION = YES_AGGRESSIVE;
				CLANG_CXX_LANGUAGE_STANDARD = "gnu++14";
				CLANG_CXX_LIBRARY = "libc++";
				CLANG_ENABLE_MODULES = YES;
				CLANG_ENABLE_OBJC_ARC = YES;
				CLANG_ENABLE_OBJC_WEAK = YES;
				CLANG_WARN_BLOCK_CAPTURE_AUTORELEASING = YES;
				CLANG_WARN_BOOL_CONVERSION = YES;
				CLANG_WARN_COMMA = YES;
				CLANG_WARN_CONSTANT_CONVERSION = YES;
				CLANG_WARN_DEPRECATED_OBJC_IMPLEMENTATIONS = YES;
				CLANG_WARN_DIRECT_OBJC_ISA_USAGE = YES_ERROR;
				CLANG_WARN_DOCUMENTATION_COMMENTS = YES;
				CLANG_WARN_EMPTY_BODY = YES;
				CLANG_WARN_ENUM_CONVERSION = YES;
				CLANG_WARN_INFINITE_RECURSION = YES;
				CLANG_WARN_INT_CONVERSION = YES;
				CLANG_WARN_NON_LITERAL_NULL_CONVERSION = YES;
				CLANG_WARN_OBJC_IMPLICIT_RETAIN_SELF = YES;
				CLANG_WARN_OBJC_LITERAL_CONVERSION = YES;
				CLANG_WARN_OBJC_ROOT_CLASS = YES_ERROR;
				CLANG_WARN_RANGE_LOOP_ANALYSIS = YES;
				CLANG_WARN_STRICT_PROTOTYPES = YES;
				CLANG_WARN_SUSPICIOUS_MOVE = YES;
				CLANG_WARN_UNGUARDED_AVAILABILITY = YES_AGGRESSIVE;
				CLANG_WARN_UNREACHABLE_CODE = YES;
				CLANG_WARN__DUPLICATE_METHOD_MATCH = YES;
				COPY_PHASE_STRIP = NO;
				DEBUG_INFORMATION_FORMAT = dwarf;
				ENABLE_STRICT_OBJC_MSGSEND = YES;
				ENABLE_TESTABILITY = YES;
				GCC_C_LANGUAGE_STANDARD = gnu11;
				GCC_DYNAMIC_NO_PIC = NO;
				GCC_NO_COMMON_BLOCKS = YES;
				GCC_OPTIMIZATION_LEVEL = 0;
				GCC_PREPROCESSOR_DEFINITIONS = (
					"DEBUG=1",
					"$(inherited)",
				);
				GCC_WARN_64_TO_32_BIT_CONVERSION = YES;
				GCC_WARN_ABOUT_RETURN_TYPE = YES_ERROR;
				GCC_WARN_UNDECLARED_SELECTOR = YES;
				GCC_WARN_UNINITIALIZED_AUTOS = YES_AGGRESSIVE;
				GCC_WARN_UNUSED_FUNCTION = YES;
				GCC_WARN_UNUSED_VARIABLE = YES;
				IPHONEOS_DEPLOYMENT_TARGET = 13.6;
				MTL_ENABLE_DEBUG_INFO = INCLUDE_SOURCE;
				MTL_FAST_MATH = YES;
				ONLY_ACTIVE_ARCH = YES;
				SDKROOT = iphoneos;
				SWIFT_ACTIVE_COMPILATION_CONDITIONS = DEBUG;
				SWIFT_OPTIMIZATION_LEVEL = "-Onone";
			};
			name = Debug;
		};
		F99F9D722578F23F00E695B8 /* Release */ = {
			isa = XCBuildConfiguration;
			buildSettings = {
				ALWAYS_SEARCH_USER_PATHS = NO;
				CLANG_ANALYZER_NONNULL = YES;
				CLANG_ANALYZER_NUMBER_OBJECT_CONVERSION = YES_AGGRESSIVE;
				CLANG_CXX_LANGUAGE_STANDARD = "gnu++14";
				CLANG_CXX_LIBRARY = "libc++";
				CLANG_ENABLE_MODULES = YES;
				CLANG_ENABLE_OBJC_ARC = YES;
				CLANG_ENABLE_OBJC_WEAK = YES;
				CLANG_WARN_BLOCK_CAPTURE_AUTORELEASING = YES;
				CLANG_WARN_BOOL_CONVERSION = YES;
				CLANG_WARN_COMMA = YES;
				CLANG_WARN_CONSTANT_CONVERSION = YES;
				CLANG_WARN_DEPRECATED_OBJC_IMPLEMENTATIONS = YES;
				CLANG_WARN_DIRECT_OBJC_ISA_USAGE = YES_ERROR;
				CLANG_WARN_DOCUMENTATION_COMMENTS = YES;
				CLANG_WARN_EMPTY_BODY = YES;
				CLANG_WARN_ENUM_CONVERSION = YES;
				CLANG_WARN_INFINITE_RECURSION = YES;
				CLANG_WARN_INT_CONVERSION = YES;
				CLANG_WARN_NON_LITERAL_NULL_CONVERSION = YES;
				CLANG_WARN_OBJC_IMPLICIT_RETAIN_SELF = YES;
				CLANG_WARN_OBJC_LITERAL_CONVERSION = YES;
				CLANG_WARN_OBJC_ROOT_CLASS = YES_ERROR;
				CLANG_WARN_RANGE_LOOP_ANALYSIS = YES;
				CLANG_WARN_STRICT_PROTOTYPES = YES;
				CLANG_WARN_SUSPICIOUS_MOVE = YES;
				CLANG_WARN_UNGUARDED_AVAILABILITY = YES_AGGRESSIVE;
				CLANG_WARN_UNREACHABLE_CODE = YES;
				CLANG_WARN__DUPLICATE_METHOD_MATCH = YES;
				COPY_PHASE_STRIP = NO;
				DEBUG_INFORMATION_FORMAT = "dwarf-with-dsym";
				ENABLE_NS_ASSERTIONS = NO;
				ENABLE_STRICT_OBJC_MSGSEND = YES;
				GCC_C_LANGUAGE_STANDARD = gnu11;
				GCC_NO_COMMON_BLOCKS = YES;
				GCC_WARN_64_TO_32_BIT_CONVERSION = YES;
				GCC_WARN_ABOUT_RETURN_TYPE = YES_ERROR;
				GCC_WARN_UNDECLARED_SELECTOR = YES;
				GCC_WARN_UNINITIALIZED_AUTOS = YES_AGGRESSIVE;
				GCC_WARN_UNUSED_FUNCTION = YES;
				GCC_WARN_UNUSED_VARIABLE = YES;
				IPHONEOS_DEPLOYMENT_TARGET = 13.6;
				MTL_ENABLE_DEBUG_INFO = NO;
				MTL_FAST_MATH = YES;
				SDKROOT = iphoneos;
				SWIFT_COMPILATION_MODE = wholemodule;
				SWIFT_OPTIMIZATION_LEVEL = "-O";
				VALIDATE_PRODUCT = YES;
			};
			name = Release;
		};
		F99F9D742578F23F00E695B8 /* Debug */ = {
			isa = XCBuildConfiguration;
			buildSettings = {
				ASSETCATALOG_COMPILER_APPICON_NAME = AppIcon;
				CODE_SIGN_STYLE = Automatic;
				DEVELOPMENT_TEAM = CUR67WKD28;
				INFOPLIST_FILE = GithubRepositoriesTask/Info.plist;
				LD_RUNPATH_SEARCH_PATHS = (
					"$(inherited)",
					"@executable_path/Frameworks",
				);
				PRODUCT_BUNDLE_IDENTIFIER = MohamedEmad.GithubRepositoriesTask;
				PRODUCT_NAME = "$(TARGET_NAME)";
				SWIFT_VERSION = 5.0;
				TARGETED_DEVICE_FAMILY = "1,2";
			};
			name = Debug;
		};
		F99F9D752578F23F00E695B8 /* Release */ = {
			isa = XCBuildConfiguration;
			buildSettings = {
				ASSETCATALOG_COMPILER_APPICON_NAME = AppIcon;
				CODE_SIGN_STYLE = Automatic;
				DEVELOPMENT_TEAM = CUR67WKD28;
				INFOPLIST_FILE = GithubRepositoriesTask/Info.plist;
				LD_RUNPATH_SEARCH_PATHS = (
					"$(inherited)",
					"@executable_path/Frameworks",
				);
				PRODUCT_BUNDLE_IDENTIFIER = MohamedEmad.GithubRepositoriesTask;
				PRODUCT_NAME = "$(TARGET_NAME)";
				SWIFT_VERSION = 5.0;
				TARGETED_DEVICE_FAMILY = "1,2";
			};
			name = Release;
		};
		F99F9D772578F23F00E695B8 /* Debug */ = {
			isa = XCBuildConfiguration;
			buildSettings = {
				ALWAYS_EMBED_SWIFT_STANDARD_LIBRARIES = YES;
				BUNDLE_LOADER = "$(TEST_HOST)";
				CODE_SIGN_STYLE = Automatic;
				DEVELOPMENT_TEAM = CUR67WKD28;
				INFOPLIST_FILE = GithubRepositoriesTaskTests/Info.plist;
				IPHONEOS_DEPLOYMENT_TARGET = 13.6;
				LD_RUNPATH_SEARCH_PATHS = (
					"$(inherited)",
					"@executable_path/Frameworks",
					"@loader_path/Frameworks",
				);
				PRODUCT_BUNDLE_IDENTIFIER = MohamedEmad.GithubRepositoriesTaskTests;
				PRODUCT_NAME = "$(TARGET_NAME)";
				SWIFT_VERSION = 5.0;
				TARGETED_DEVICE_FAMILY = "1,2";
				TEST_HOST = "$(BUILT_PRODUCTS_DIR)/GithubRepositoriesTask.app/GithubRepositoriesTask";
			};
			name = Debug;
		};
		F99F9D782578F23F00E695B8 /* Release */ = {
			isa = XCBuildConfiguration;
			buildSettings = {
				ALWAYS_EMBED_SWIFT_STANDARD_LIBRARIES = YES;
				BUNDLE_LOADER = "$(TEST_HOST)";
				CODE_SIGN_STYLE = Automatic;
				DEVELOPMENT_TEAM = CUR67WKD28;
				INFOPLIST_FILE = GithubRepositoriesTaskTests/Info.plist;
				IPHONEOS_DEPLOYMENT_TARGET = 13.6;
				LD_RUNPATH_SEARCH_PATHS = (
					"$(inherited)",
					"@executable_path/Frameworks",
					"@loader_path/Frameworks",
				);
				PRODUCT_BUNDLE_IDENTIFIER = MohamedEmad.GithubRepositoriesTaskTests;
				PRODUCT_NAME = "$(TARGET_NAME)";
				SWIFT_VERSION = 5.0;
				TARGETED_DEVICE_FAMILY = "1,2";
				TEST_HOST = "$(BUILT_PRODUCTS_DIR)/GithubRepositoriesTask.app/GithubRepositoriesTask";
			};
			name = Release;
		};
/* End XCBuildConfiguration section */

/* Begin XCConfigurationList section */
		F99F9D4F2578F23C00E695B8 /* Build configuration list for PBXProject "GithubRepositoriesTask" */ = {
			isa = XCConfigurationList;
			buildConfigurations = (
				F99F9D712578F23F00E695B8 /* Debug */,
				F99F9D722578F23F00E695B8 /* Release */,
			);
			defaultConfigurationIsVisible = 0;
			defaultConfigurationName = Release;
		};
		F99F9D732578F23F00E695B8 /* Build configuration list for PBXNativeTarget "GithubRepositoriesTask" */ = {
			isa = XCConfigurationList;
			buildConfigurations = (
				F99F9D742578F23F00E695B8 /* Debug */,
				F99F9D752578F23F00E695B8 /* Release */,
			);
			defaultConfigurationIsVisible = 0;
			defaultConfigurationName = Release;
		};
		F99F9D762578F23F00E695B8 /* Build configuration list for PBXNativeTarget "GithubRepositoriesTaskTests" */ = {
			isa = XCConfigurationList;
			buildConfigurations = (
				F99F9D772578F23F00E695B8 /* Debug */,
				F99F9D782578F23F00E695B8 /* Release */,
			);
			defaultConfigurationIsVisible = 0;
			defaultConfigurationName = Release;
		};
/* End XCConfigurationList section */
	};
	rootObject = F99F9D4C2578F23C00E695B8 /* Project object */;
}
